// !$*UTF8*$!
{
	archiveVersion = 1;
	classes = {
	};
	objectVersion = 56;
	objects = {

/* Begin PBXBuildFile section */
		43C86F6E2BB42CC70017E4FE /* TCA_TodoApp.swift in Sources */ = {isa = PBXBuildFile; fileRef = 43C86F6D2BB42CC70017E4FE /* TCA_TodoApp.swift */; };
		43C86F722BB42CC90017E4FE /* Assets.xcassets in Resources */ = {isa = PBXBuildFile; fileRef = 43C86F712BB42CC90017E4FE /* Assets.xcassets */; };
		43C86F752BB42CC90017E4FE /* Preview Assets.xcassets in Resources */ = {isa = PBXBuildFile; fileRef = 43C86F742BB42CC90017E4FE /* Preview Assets.xcassets */; };
		43C86F7F2BB42CC90017E4FE /* TCA_TodoTests.swift in Sources */ = {isa = PBXBuildFile; fileRef = 43C86F7E2BB42CC90017E4FE /* TCA_TodoTests.swift */; };
		43C86F892BB42CC90017E4FE /* TCA_TodoUITests.swift in Sources */ = {isa = PBXBuildFile; fileRef = 43C86F882BB42CC90017E4FE /* TCA_TodoUITests.swift */; };
		43C86F8B2BB42CC90017E4FE /* TCA_TodoUITestsLaunchTests.swift in Sources */ = {isa = PBXBuildFile; fileRef = 43C86F8A2BB42CC90017E4FE /* TCA_TodoUITestsLaunchTests.swift */; };
		43C86F992BB42D830017E4FE /* ComposableArchitecture in Frameworks */ = {isa = PBXBuildFile; productRef = 43C86F982BB42D830017E4FE /* ComposableArchitecture */; };
		43C86F9B2BB430110017E4FE /* Todos.swift in Sources */ = {isa = PBXBuildFile; fileRef = 43C86F9A2BB430110017E4FE /* Todos.swift */; };
		43C86F9D2BB432C70017E4FE /* AppView.swift in Sources */ = {isa = PBXBuildFile; fileRef = 43C86F9C2BB432C70017E4FE /* AppView.swift */; };
		43C86F9F2BB434570017E4FE /* Filter.swift in Sources */ = {isa = PBXBuildFile; fileRef = 43C86F9E2BB434570017E4FE /* Filter.swift */; };
		43C86FA12BB434F40017E4FE /* Todo.swift in Sources */ = {isa = PBXBuildFile; fileRef = 43C86FA02BB434F40017E4FE /* Todo.swift */; };
/* End PBXBuildFile section */

/* Begin PBXContainerItemProxy section */
		43C86F7B2BB42CC90017E4FE /* PBXContainerItemProxy */ = {
			isa = PBXContainerItemProxy;
			containerPortal = 43C86F622BB42CC70017E4FE /* Project object */;
			proxyType = 1;
			remoteGlobalIDString = 43C86F692BB42CC70017E4FE;
			remoteInfo = TCA_Todo;
		};
		43C86F852BB42CC90017E4FE /* PBXContainerItemProxy */ = {
			isa = PBXContainerItemProxy;
			containerPortal = 43C86F622BB42CC70017E4FE /* Project object */;
			proxyType = 1;
			remoteGlobalIDString = 43C86F692BB42CC70017E4FE;
			remoteInfo = TCA_Todo;
		};
/* End PBXContainerItemProxy section */

/* Begin PBXFileReference section */
		43C86F6A2BB42CC70017E4FE /* TCA_Todo.app */ = {isa = PBXFileReference; explicitFileType = wrapper.application; includeInIndex = 0; path = TCA_Todo.app; sourceTree = BUILT_PRODUCTS_DIR; };
		43C86F6D2BB42CC70017E4FE /* TCA_TodoApp.swift */ = {isa = PBXFileReference; lastKnownFileType = sourcecode.swift; path = TCA_TodoApp.swift; sourceTree = "<group>"; };
		43C86F712BB42CC90017E4FE /* Assets.xcassets */ = {isa = PBXFileReference; lastKnownFileType = folder.assetcatalog; path = Assets.xcassets; sourceTree = "<group>"; };
		43C86F742BB42CC90017E4FE /* Preview Assets.xcassets */ = {isa = PBXFileReference; lastKnownFileType = folder.assetcatalog; path = "Preview Assets.xcassets"; sourceTree = "<group>"; };
		43C86F7A2BB42CC90017E4FE /* TCA_TodoTests.xctest */ = {isa = PBXFileReference; explicitFileType = wrapper.cfbundle; includeInIndex = 0; path = TCA_TodoTests.xctest; sourceTree = BUILT_PRODUCTS_DIR; };
		43C86F7E2BB42CC90017E4FE /* TCA_TodoTests.swift */ = {isa = PBXFileReference; lastKnownFileType = sourcecode.swift; path = TCA_TodoTests.swift; sourceTree = "<group>"; };
		43C86F842BB42CC90017E4FE /* TCA_TodoUITests.xctest */ = {isa = PBXFileReference; explicitFileType = wrapper.cfbundle; includeInIndex = 0; path = TCA_TodoUITests.xctest; sourceTree = BUILT_PRODUCTS_DIR; };
		43C86F882BB42CC90017E4FE /* TCA_TodoUITests.swift */ = {isa = PBXFileReference; lastKnownFileType = sourcecode.swift; path = TCA_TodoUITests.swift; sourceTree = "<group>"; };
		43C86F8A2BB42CC90017E4FE /* TCA_TodoUITestsLaunchTests.swift */ = {isa = PBXFileReference; lastKnownFileType = sourcecode.swift; path = TCA_TodoUITestsLaunchTests.swift; sourceTree = "<group>"; };
		43C86F9A2BB430110017E4FE /* Todos.swift */ = {isa = PBXFileReference; lastKnownFileType = sourcecode.swift; path = Todos.swift; sourceTree = "<group>"; };
		43C86F9C2BB432C70017E4FE /* AppView.swift */ = {isa = PBXFileReference; lastKnownFileType = sourcecode.swift; path = AppView.swift; sourceTree = "<group>"; };
		43C86F9E2BB434570017E4FE /* Filter.swift */ = {isa = PBXFileReference; lastKnownFileType = sourcecode.swift; path = Filter.swift; sourceTree = "<group>"; };
		43C86FA02BB434F40017E4FE /* Todo.swift */ = {isa = PBXFileReference; lastKnownFileType = sourcecode.swift; path = Todo.swift; sourceTree = "<group>"; };
/* End PBXFileReference section */

/* Begin PBXFrameworksBuildPhase section */
		43C86F672BB42CC70017E4FE /* Frameworks */ = {
			isa = PBXFrameworksBuildPhase;
			buildActionMask = 2147483647;
			files = (
				43C86F992BB42D830017E4FE /* ComposableArchitecture in Frameworks */,
			);
			runOnlyForDeploymentPostprocessing = 0;
		};
		43C86F772BB42CC90017E4FE /* Frameworks */ = {
			isa = PBXFrameworksBuildPhase;
			buildActionMask = 2147483647;
			files = (
			);
			runOnlyForDeploymentPostprocessing = 0;
		};
		43C86F812BB42CC90017E4FE /* Frameworks */ = {
			isa = PBXFrameworksBuildPhase;
			buildActionMask = 2147483647;
			files = (
			);
			runOnlyForDeploymentPostprocessing = 0;
		};
/* End PBXFrameworksBuildPhase section */

/* Begin PBXGroup section */
		43C86F612BB42CC70017E4FE = {
			isa = PBXGroup;
			children = (
				43C86F6C2BB42CC70017E4FE /* TCA_Todo */,
				43C86F7D2BB42CC90017E4FE /* TCA_TodoTests */,
				43C86F872BB42CC90017E4FE /* TCA_TodoUITests */,
				43C86F6B2BB42CC70017E4FE /* Products */,
			);
			sourceTree = "<group>";
		};
		43C86F6B2BB42CC70017E4FE /* Products */ = {
			isa = PBXGroup;
			children = (
				43C86F6A2BB42CC70017E4FE /* TCA_Todo.app */,
				43C86F7A2BB42CC90017E4FE /* TCA_TodoTests.xctest */,
				43C86F842BB42CC90017E4FE /* TCA_TodoUITests.xctest */,
			);
			name = Products;
			sourceTree = "<group>";
		};
		43C86F6C2BB42CC70017E4FE /* TCA_Todo */ = {
			isa = PBXGroup;
			children = (
				43C86F6D2BB42CC70017E4FE /* TCA_TodoApp.swift */,
				43C86F712BB42CC90017E4FE /* Assets.xcassets */,
				43C86F732BB42CC90017E4FE /* Preview Content */,
				43C86F9A2BB430110017E4FE /* Todos.swift */,
				43C86FA02BB434F40017E4FE /* Todo.swift */,
				43C86F9C2BB432C70017E4FE /* AppView.swift */,
			);
			path = TCA_Todo;
			sourceTree = "<group>";
		};
		43C86F732BB42CC90017E4FE /* Preview Content */ = {
			isa = PBXGroup;
			children = (
				43C86F742BB42CC90017E4FE /* Preview Assets.xcassets */,
				43C86F9E2BB434570017E4FE /* Filter.swift */,
			);
			path = "Preview Content";
			sourceTree = "<group>";
		};
		43C86F7D2BB42CC90017E4FE /* TCA_TodoTests */ = {
			isa = PBXGroup;
			children = (
				43C86F7E2BB42CC90017E4FE /* TCA_TodoTests.swift */,
			);
			path = TCA_TodoTests;
			sourceTree = "<group>";
		};
		43C86F872BB42CC90017E4FE /* TCA_TodoUITests */ = {
			isa = PBXGroup;
			children = (
				43C86F882BB42CC90017E4FE /* TCA_TodoUITests.swift */,
				43C86F8A2BB42CC90017E4FE /* TCA_TodoUITestsLaunchTests.swift */,
			);
			path = TCA_TodoUITests;
			sourceTree = "<group>";
		};
/* End PBXGroup section */

/* Begin PBXNativeTarget section */
		43C86F692BB42CC70017E4FE /* TCA_Todo */ = {
			isa = PBXNativeTarget;
			buildConfigurationList = 43C86F8E2BB42CC90017E4FE /* Build configuration list for PBXNativeTarget "TCA_Todo" */;
			buildPhases = (
				43C86F662BB42CC70017E4FE /* Sources */,
				43C86F672BB42CC70017E4FE /* Frameworks */,
				43C86F682BB42CC70017E4FE /* Resources */,
			);
			buildRules = (
			);
			dependencies = (
			);
			name = TCA_Todo;
			packageProductDependencies = (
				43C86F982BB42D830017E4FE /* ComposableArchitecture */,
			);
			productName = TCA_Todo;
			productReference = 43C86F6A2BB42CC70017E4FE /* TCA_Todo.app */;
			productType = "com.apple.product-type.application";
		};
		43C86F792BB42CC90017E4FE /* TCA_TodoTests */ = {
			isa = PBXNativeTarget;
			buildConfigurationList = 43C86F912BB42CC90017E4FE /* Build configuration list for PBXNativeTarget "TCA_TodoTests" */;
			buildPhases = (
				43C86F762BB42CC90017E4FE /* Sources */,
				43C86F772BB42CC90017E4FE /* Frameworks */,
				43C86F782BB42CC90017E4FE /* Resources */,
			);
			buildRules = (
			);
			dependencies = (
				43C86F7C2BB42CC90017E4FE /* PBXTargetDependency */,
			);
			name = TCA_TodoTests;
			productName = TCA_TodoTests;
			productReference = 43C86F7A2BB42CC90017E4FE /* TCA_TodoTests.xctest */;
			productType = "com.apple.product-type.bundle.unit-test";
		};
		43C86F832BB42CC90017E4FE /* TCA_TodoUITests */ = {
			isa = PBXNativeTarget;
			buildConfigurationList = 43C86F942BB42CC90017E4FE /* Build configuration list for PBXNativeTarget "TCA_TodoUITests" */;
			buildPhases = (
				43C86F802BB42CC90017E4FE /* Sources */,
				43C86F812BB42CC90017E4FE /* Frameworks */,
				43C86F822BB42CC90017E4FE /* Resources */,
			);
			buildRules = (
			);
			dependencies = (
				43C86F862BB42CC90017E4FE /* PBXTargetDependency */,
			);
			name = TCA_TodoUITests;
			productName = TCA_TodoUITests;
			productReference = 43C86F842BB42CC90017E4FE /* TCA_TodoUITests.xctest */;
			productType = "com.apple.product-type.bundle.ui-testing";
		};
/* End PBXNativeTarget section */

/* Begin PBXProject section */
		43C86F622BB42CC70017E4FE /* Project object */ = {
			isa = PBXProject;
			attributes = {
				BuildIndependentTargetsInParallel = 1;
				LastSwiftUpdateCheck = 1520;
				LastUpgradeCheck = 1520;
				TargetAttributes = {
					43C86F692BB42CC70017E4FE = {
						CreatedOnToolsVersion = 15.2;
					};
					43C86F792BB42CC90017E4FE = {
						CreatedOnToolsVersion = 15.2;
						TestTargetID = 43C86F692BB42CC70017E4FE;
					};
					43C86F832BB42CC90017E4FE = {
						CreatedOnToolsVersion = 15.2;
						TestTargetID = 43C86F692BB42CC70017E4FE;
					};
				};
			};
			buildConfigurationList = 43C86F652BB42CC70017E4FE /* Build configuration list for PBXProject "TCA_Todo" */;
			compatibilityVersion = "Xcode 14.0";
			developmentRegion = en;
			hasScannedForEncodings = 0;
			knownRegions = (
				en,
				Base,
			);
			mainGroup = 43C86F612BB42CC70017E4FE;
			packageReferences = (
				43C86F972BB42D830017E4FE /* XCRemoteSwiftPackageReference "swift-composable-architecture" */,
			);
			productRefGroup = 43C86F6B2BB42CC70017E4FE /* Products */;
			projectDirPath = "";
			projectRoot = "";
			targets = (
				43C86F692BB42CC70017E4FE /* TCA_Todo */,
				43C86F792BB42CC90017E4FE /* TCA_TodoTests */,
				43C86F832BB42CC90017E4FE /* TCA_TodoUITests */,
			);
		};
/* End PBXProject section */

/* Begin PBXResourcesBuildPhase section */
		43C86F682BB42CC70017E4FE /* Resources */ = {
			isa = PBXResourcesBuildPhase;
			buildActionMask = 2147483647;
			files = (
				43C86F752BB42CC90017E4FE /* Preview Assets.xcassets in Resources */,
				43C86F722BB42CC90017E4FE /* Assets.xcassets in Resources */,
			);
			runOnlyForDeploymentPostprocessing = 0;
		};
		43C86F782BB42CC90017E4FE /* Resources */ = {
			isa = PBXResourcesBuildPhase;
			buildActionMask = 2147483647;
			files = (
			);
			runOnlyForDeploymentPostprocessing = 0;
		};
		43C86F822BB42CC90017E4FE /* Resources */ = {
			isa = PBXResourcesBuildPhase;
			buildActionMask = 2147483647;
			files = (
			);
			runOnlyForDeploymentPostprocessing = 0;
		};
/* End PBXResourcesBuildPhase section */

/* Begin PBXSourcesBuildPhase section */
		43C86F662BB42CC70017E4FE /* Sources */ = {
			isa = PBXSourcesBuildPhase;
			buildActionMask = 2147483647;
			files = (
				43C86F9D2BB432C70017E4FE /* AppView.swift in Sources */,
				43C86F9F2BB434570017E4FE /* Filter.swift in Sources */,
				43C86F6E2BB42CC70017E4FE /* TCA_TodoApp.swift in Sources */,
				43C86F9B2BB430110017E4FE /* Todos.swift in Sources */,
				43C86FA12BB434F40017E4FE /* Todo.swift in Sources */,
			);
			runOnlyForDeploymentPostprocessing = 0;
		};
		43C86F762BB42CC90017E4FE /* Sources */ = {
			isa = PBXSourcesBuildPhase;
			buildActionMask = 2147483647;
			files = (
				43C86F7F2BB42CC90017E4FE /* TCA_TodoTests.swift in Sources */,
			);
			runOnlyForDeploymentPostprocessing = 0;
		};
		43C86F802BB42CC90017E4FE /* Sources */ = {
			isa = PBXSourcesBuildPhase;
			buildActionMask = 2147483647;
			files = (
				43C86F8B2BB42CC90017E4FE /* TCA_TodoUITestsLaunchTests.swift in Sources */,
				43C86F892BB42CC90017E4FE /* TCA_TodoUITests.swift in Sources */,
			);
			runOnlyForDeploymentPostprocessing = 0;
		};
/* End PBXSourcesBuildPhase section */

/* Begin PBXTargetDependency section */
		43C86F7C2BB42CC90017E4FE /* PBXTargetDependency */ = {
			isa = PBXTargetDependency;
			target = 43C86F692BB42CC70017E4FE /* TCA_Todo */;
			targetProxy = 43C86F7B2BB42CC90017E4FE /* PBXContainerItemProxy */;
		};
		43C86F862BB42CC90017E4FE /* PBXTargetDependency */ = {
			isa = PBXTargetDependency;
			target = 43C86F692BB42CC70017E4FE /* TCA_Todo */;
			targetProxy = 43C86F852BB42CC90017E4FE /* PBXContainerItemProxy */;
		};
/* End PBXTargetDependency section */

/* Begin XCBuildConfiguration section */
		43C86F8C2BB42CC90017E4FE /* Debug */ = {
			isa = XCBuildConfiguration;
			buildSettings = {
				ALWAYS_SEARCH_USER_PATHS = NO;
				ASSETCATALOG_COMPILER_GENERATE_SWIFT_ASSET_SYMBOL_EXTENSIONS = YES;
				CLANG_ANALYZER_NONNULL = YES;
				CLANG_ANALYZER_NUMBER_OBJECT_CONVERSION = YES_AGGRESSIVE;
				CLANG_CXX_LANGUAGE_STANDARD = "gnu++20";
				CLANG_ENABLE_MODULES = YES;
				CLANG_ENABLE_OBJC_ARC = YES;
				CLANG_ENABLE_OBJC_WEAK = YES;
				CLANG_WARN_BLOCK_CAPTURE_AUTORELEASING = YES;
				CLANG_WARN_BOOL_CONVERSION = YES;
				CLANG_WARN_COMMA = YES;
				CLANG_WARN_CONSTANT_CONVERSION = YES;
				CLANG_WARN_DEPRECATED_OBJC_IMPLEMENTATIONS = YES;
				CLANG_WARN_DIRECT_OBJC_ISA_USAGE = YES_ERROR;
				CLANG_WARN_DOCUMENTATION_COMMENTS = YES;
				CLANG_WARN_EMPTY_BODY = YES;
				CLANG_WARN_ENUM_CONVERSION = YES;
				CLANG_WARN_INFINITE_RECURSION = YES;
				CLANG_WARN_INT_CONVERSION = YES;
				CLANG_WARN_NON_LITERAL_NULL_CONVERSION = YES;
				CLANG_WARN_OBJC_IMPLICIT_RETAIN_SELF = YES;
				CLANG_WARN_OBJC_LITERAL_CONVERSION = YES;
				CLANG_WARN_OBJC_ROOT_CLASS = YES_ERROR;
				CLANG_WARN_QUOTED_INCLUDE_IN_FRAMEWORK_HEADER = YES;
				CLANG_WARN_RANGE_LOOP_ANALYSIS = YES;
				CLANG_WARN_STRICT_PROTOTYPES = YES;
				CLANG_WARN_SUSPICIOUS_MOVE = YES;
				CLANG_WARN_UNGUARDED_AVAILABILITY = YES_AGGRESSIVE;
				CLANG_WARN_UNREACHABLE_CODE = YES;
				CLANG_WARN__DUPLICATE_METHOD_MATCH = YES;
				COPY_PHASE_STRIP = NO;
				DEBUG_INFORMATION_FORMAT = dwarf;
				ENABLE_STRICT_OBJC_MSGSEND = YES;
				ENABLE_TESTABILITY = YES;
				ENABLE_USER_SCRIPT_SANDBOXING = YES;
				GCC_C_LANGUAGE_STANDARD = gnu17;
				GCC_DYNAMIC_NO_PIC = NO;
				GCC_NO_COMMON_BLOCKS = YES;
				GCC_OPTIMIZATION_LEVEL = 0;
				GCC_PREPROCESSOR_DEFINITIONS = (
					"DEBUG=1",
					"$(inherited)",
				);
				GCC_WARN_64_TO_32_BIT_CONVERSION = YES;
				GCC_WARN_ABOUT_RETURN_TYPE = YES_ERROR;
				GCC_WARN_UNDECLARED_SELECTOR = YES;
				GCC_WARN_UNINITIALIZED_AUTOS = YES_AGGRESSIVE;
				GCC_WARN_UNUSED_FUNCTION = YES;
				GCC_WARN_UNUSED_VARIABLE = YES;
				IPHONEOS_DEPLOYMENT_TARGET = 16.0;
				LOCALIZATION_PREFERS_STRING_CATALOGS = YES;
				MTL_ENABLE_DEBUG_INFO = INCLUDE_SOURCE;
				MTL_FAST_MATH = YES;
				ONLY_ACTIVE_ARCH = YES;
				SDKROOT = iphoneos;
				SWIFT_ACTIVE_COMPILATION_CONDITIONS = "DEBUG $(inherited)";
				SWIFT_OPTIMIZATION_LEVEL = "-Onone";
			};
			name = Debug;
		};
		43C86F8D2BB42CC90017E4FE /* Release */ = {
			isa = XCBuildConfiguration;
			buildSettings = {
				ALWAYS_SEARCH_USER_PATHS = NO;
				ASSETCATALOG_COMPILER_GENERATE_SWIFT_ASSET_SYMBOL_EXTENSIONS = YES;
				CLANG_ANALYZER_NONNULL = YES;
				CLANG_ANALYZER_NUMBER_OBJECT_CONVERSION = YES_AGGRESSIVE;
				CLANG_CXX_LANGUAGE_STANDARD = "gnu++20";
				CLANG_ENABLE_MODULES = YES;
				CLANG_ENABLE_OBJC_ARC = YES;
				CLANG_ENABLE_OBJC_WEAK = YES;
				CLANG_WARN_BLOCK_CAPTURE_AUTORELEASING = YES;
				CLANG_WARN_BOOL_CONVERSION = YES;
				CLANG_WARN_COMMA = YES;
				CLANG_WARN_CONSTANT_CONVERSION = YES;
				CLANG_WARN_DEPRECATED_OBJC_IMPLEMENTATIONS = YES;
				CLANG_WARN_DIRECT_OBJC_ISA_USAGE = YES_ERROR;
				CLANG_WARN_DOCUMENTATION_COMMENTS = YES;
				CLANG_WARN_EMPTY_BODY = YES;
				CLANG_WARN_ENUM_CONVERSION = YES;
				CLANG_WARN_INFINITE_RECURSION = YES;
				CLANG_WARN_INT_CONVERSION = YES;
				CLANG_WARN_NON_LITERAL_NULL_CONVERSION = YES;
				CLANG_WARN_OBJC_IMPLICIT_RETAIN_SELF = YES;
				CLANG_WARN_OBJC_LITERAL_CONVERSION = YES;
				CLANG_WARN_OBJC_ROOT_CLASS = YES_ERROR;
				CLANG_WARN_QUOTED_INCLUDE_IN_FRAMEWORK_HEADER = YES;
				CLANG_WARN_RANGE_LOOP_ANALYSIS = YES;
				CLANG_WARN_STRICT_PROTOTYPES = YES;
				CLANG_WARN_SUSPICIOUS_MOVE = YES;
				CLANG_WARN_UNGUARDED_AVAILABILITY = YES_AGGRESSIVE;
				CLANG_WARN_UNREACHABLE_CODE = YES;
				CLANG_WARN__DUPLICATE_METHOD_MATCH = YES;
				COPY_PHASE_STRIP = NO;
				DEBUG_INFORMATION_FORMAT = "dwarf-with-dsym";
				ENABLE_NS_ASSERTIONS = NO;
				ENABLE_STRICT_OBJC_MSGSEND = YES;
				ENABLE_USER_SCRIPT_SANDBOXING = YES;
				GCC_C_LANGUAGE_STANDARD = gnu17;
				GCC_NO_COMMON_BLOCKS = YES;
				GCC_WARN_64_TO_32_BIT_CONVERSION = YES;
				GCC_WARN_ABOUT_RETURN_TYPE = YES_ERROR;
				GCC_WARN_UNDECLARED_SELECTOR = YES;
				GCC_WARN_UNINITIALIZED_AUTOS = YES_AGGRESSIVE;
				GCC_WARN_UNUSED_FUNCTION = YES;
				GCC_WARN_UNUSED_VARIABLE = YES;
				IPHONEOS_DEPLOYMENT_TARGET = 16.0;
				LOCALIZATION_PREFERS_STRING_CATALOGS = YES;
				MTL_ENABLE_DEBUG_INFO = NO;
				MTL_FAST_MATH = YES;
				SDKROOT = iphoneos;
				SWIFT_COMPILATION_MODE = wholemodule;
				VALIDATE_PRODUCT = YES;
			};
			name = Release;
		};
		43C86F8F2BB42CC90017E4FE /* Debug */ = {
			isa = XCBuildConfiguration;
			buildSettings = {
				ASSETCATALOG_COMPILER_APPICON_NAME = AppIcon;
				ASSETCATALOG_COMPILER_GLOBAL_ACCENT_COLOR_NAME = AccentColor;
				CODE_SIGN_STYLE = Automatic;
				CURRENT_PROJECT_VERSION = 1;
				DEVELOPMENT_ASSET_PATHS = "\"TCA_Todo/Preview Content\"";
				DEVELOPMENT_TEAM = FZ535FMP8N;
				ENABLE_PREVIEWS = YES;
				GENERATE_INFOPLIST_FILE = YES;
				INFOPLIST_KEY_UIApplicationSceneManifest_Generation = YES;
				INFOPLIST_KEY_UIApplicationSupportsIndirectInputEvents = YES;
				INFOPLIST_KEY_UILaunchScreen_Generation = YES;
				INFOPLIST_KEY_UISupportedInterfaceOrientations_iPad = "UIInterfaceOrientationPortrait UIInterfaceOrientationPortraitUpsideDown UIInterfaceOrientationLandscapeLeft UIInterfaceOrientationLandscapeRight";
				INFOPLIST_KEY_UISupportedInterfaceOrientations_iPhone = "UIInterfaceOrientationPortrait UIInterfaceOrientationLandscapeLeft UIInterfaceOrientationLandscapeRight";
				IPHONEOS_DEPLOYMENT_TARGET = 16.0;
				LD_RUNPATH_SEARCH_PATHS = (
					"$(inherited)",
					"@executable_path/Frameworks",
				);
				MARKETING_VERSION = 1.0;
				PRODUCT_BUNDLE_IDENTIFIER = "com.seoyeon.s2gsample.TCA-Todo";
				PRODUCT_NAME = "$(TARGET_NAME)";
				SWIFT_EMIT_LOC_STRINGS = YES;
				SWIFT_VERSION = 5.0;
				TARGETED_DEVICE_FAMILY = "1,2";
			};
			name = Debug;
		};
		43C86F902BB42CC90017E4FE /* Release */ = {
			isa = XCBuildConfiguration;
			buildSettings = {
				ASSETCATALOG_COMPILER_APPICON_NAME = AppIcon;
				ASSETCATALOG_COMPILER_GLOBAL_ACCENT_COLOR_NAME = AccentColor;
				CODE_SIGN_STYLE = Automatic;
				CURRENT_PROJECT_VERSION = 1;
				DEVELOPMENT_ASSET_PATHS = "\"TCA_Todo/Preview Content\"";
				DEVELOPMENT_TEAM = FZ535FMP8N;
				ENABLE_PREVIEWS = YES;
				GENERATE_INFOPLIST_FILE = YES;
				INFOPLIST_KEY_UIApplicationSceneManifest_Generation = YES;
				INFOPLIST_KEY_UIApplicationSupportsIndirectInputEvents = YES;
				INFOPLIST_KEY_UILaunchScreen_Generation = YES;
				INFOPLIST_KEY_UISupportedInterfaceOrientations_iPad = "UIInterfaceOrientationPortrait UIInterfaceOrientationPortraitUpsideDown UIInterfaceOrientationLandscapeLeft UIInterfaceOrientationLandscapeRight";
				INFOPLIST_KEY_UISupportedInterfaceOrientations_iPhone = "UIInterfaceOrientationPortrait UIInterfaceOrientationLandscapeLeft UIInterfaceOrientationLandscapeRight";
				IPHONEOS_DEPLOYMENT_TARGET = 16.0;
				LD_RUNPATH_SEARCH_PATHS = (
					"$(inherited)",
					"@executable_path/Frameworks",
				);
				MARKETING_VERSION = 1.0;
				PRODUCT_BUNDLE_IDENTIFIER = "com.seoyeon.s2gsample.TCA-Todo";
				PRODUCT_NAME = "$(TARGET_NAME)";
				SWIFT_EMIT_LOC_STRINGS = YES;
				SWIFT_VERSION = 5.0;
				TARGETED_DEVICE_FAMILY = "1,2";
			};
			name = Release;
		};
		43C86F922BB42CC90017E4FE /* Debug */ = {
			isa = XCBuildConfiguration;
			buildSettings = {
				ALWAYS_EMBED_SWIFT_STANDARD_LIBRARIES = YES;
				BUNDLE_LOADER = "$(TEST_HOST)";
				CODE_SIGN_STYLE = Automatic;
				CURRENT_PROJECT_VERSION = 1;
				DEVELOPMENT_TEAM = FZ535FMP8N;
				GENERATE_INFOPLIST_FILE = YES;
				IPHONEOS_DEPLOYMENT_TARGET = 17.2;
				MARKETING_VERSION = 1.0;
				PRODUCT_BUNDLE_IDENTIFIER = "com.seoyeon.s2gsample.TCA-TodoTests";
				PRODUCT_NAME = "$(TARGET_NAME)";
				SWIFT_EMIT_LOC_STRINGS = NO;
				SWIFT_VERSION = 5.0;
				TARGETED_DEVICE_FAMILY = "1,2";
				TEST_HOST = "$(BUILT_PRODUCTS_DIR)/TCA_Todo.app/$(BUNDLE_EXECUTABLE_FOLDER_PATH)/TCA_Todo";
			};
			name = Debug;
		};
		43C86F932BB42CC90017E4FE /* Release */ = {
			isa = XCBuildConfiguration;
			buildSettings = {
				ALWAYS_EMBED_SWIFT_STANDARD_LIBRARIES = YES;
				BUNDLE_LOADER = "$(TEST_HOST)";
				CODE_SIGN_STYLE = Automatic;
				CURRENT_PROJECT_VERSION = 1;
				DEVELOPMENT_TEAM = FZ535FMP8N;
				GENERATE_INFOPLIST_FILE = YES;
				IPHONEOS_DEPLOYMENT_TARGET = 17.2;
				MARKETING_VERSION = 1.0;
				PRODUCT_BUNDLE_IDENTIFIER = "com.seoyeon.s2gsample.TCA-TodoTests";
				PRODUCT_NAME = "$(TARGET_NAME)";
				SWIFT_EMIT_LOC_STRINGS = NO;
				SWIFT_VERSION = 5.0;
				TARGETED_DEVICE_FAMILY = "1,2";
				TEST_HOST = "$(BUILT_PRODUCTS_DIR)/TCA_Todo.app/$(BUNDLE_EXECUTABLE_FOLDER_PATH)/TCA_Todo";
			};
			name = Release;
		};
		43C86F952BB42CC90017E4FE /* Debug */ = {
			isa = XCBuildConfiguration;
			buildSettings = {
				ALWAYS_EMBED_SWIFT_STANDARD_LIBRARIES = YES;
				CODE_SIGN_STYLE = Automatic;
				CURRENT_PROJECT_VERSION = 1;
				DEVELOPMENT_TEAM = FZ535FMP8N;
				GENERATE_INFOPLIST_FILE = YES;
				MARKETING_VERSION = 1.0;
				PRODUCT_BUNDLE_IDENTIFIER = "com.seoyeon.s2gsample.TCA-TodoUITests";
				PRODUCT_NAME = "$(TARGET_NAME)";
				SWIFT_EMIT_LOC_STRINGS = NO;
				SWIFT_VERSION = 5.0;
				TARGETED_DEVICE_FAMILY = "1,2";
				TEST_TARGET_NAME = TCA_Todo;
			};
			name = Debug;
		};
		43C86F962BB42CC90017E4FE /* Release */ = {
			isa = XCBuildConfiguration;
			buildSettings = {
				ALWAYS_EMBED_SWIFT_STANDARD_LIBRARIES = YES;
				CODE_SIGN_STYLE = Automatic;
				CURRENT_PROJECT_VERSION = 1;
				DEVELOPMENT_TEAM = FZ535FMP8N;
				GENERATE_INFOPLIST_FILE = YES;
				MARKETING_VERSION = 1.0;
				PRODUCT_BUNDLE_IDENTIFIER = "com.seoyeon.s2gsample.TCA-TodoUITests";
				PRODUCT_NAME = "$(TARGET_NAME)";
				SWIFT_EMIT_LOC_STRINGS = NO;
				SWIFT_VERSION = 5.0;
				TARGETED_DEVICE_FAMILY = "1,2";
				TEST_TARGET_NAME = TCA_Todo;
			};
			name = Release;
		};
/* End XCBuildConfiguration section */

/* Begin XCConfigurationList section */
		43C86F652BB42CC70017E4FE /* Build configuration list for PBXProject "TCA_Todo" */ = {
			isa = XCConfigurationList;
			buildConfigurations = (
				43C86F8C2BB42CC90017E4FE /* Debug */,
				43C86F8D2BB42CC90017E4FE /* Release */,
			);
			defaultConfigurationIsVisible = 0;
			defaultConfigurationName = Release;
		};
		43C86F8E2BB42CC90017E4FE /* Build configuration list for PBXNativeTarget "TCA_Todo" */ = {
			isa = XCConfigurationList;
			buildConfigurations = (
				43C86F8F2BB42CC90017E4FE /* Debug */,
				43C86F902BB42CC90017E4FE /* Release */,
			);
			defaultConfigurationIsVisible = 0;
			defaultConfigurationName = Release;
		};
		43C86F912BB42CC90017E4FE /* Build configuration list for PBXNativeTarget "TCA_TodoTests" */ = {
			isa = XCConfigurationList;
			buildConfigurations = (
				43C86F922BB42CC90017E4FE /* Debug */,
				43C86F932BB42CC90017E4FE /* Release */,
			);
			defaultConfigurationIsVisible = 0;
			defaultConfigurationName = Release;
		};
		43C86F942BB42CC90017E4FE /* Build configuration list for PBXNativeTarget "TCA_TodoUITests" */ = {
			isa = XCConfigurationList;
			buildConfigurations = (
				43C86F952BB42CC90017E4FE /* Debug */,
				43C86F962BB42CC90017E4FE /* Release */,
			);
			defaultConfigurationIsVisible = 0;
			defaultConfigurationName = Release;
		};
/* End XCConfigurationList section */

/* Begin XCRemoteSwiftPackageReference section */
		43C86F972BB42D830017E4FE /* XCRemoteSwiftPackageReference "swift-composable-architecture" */ = {
			isa = XCRemoteSwiftPackageReference;
			repositoryURL = "https://github.com/pointfreeco/swift-composable-architecture";
			requirement = {
				kind = upToNextMajorVersion;
				minimumVersion = 1.9.2;
			};
		};
/* End XCRemoteSwiftPackageReference section */

/* Begin XCSwiftPackageProductDependency section */
		43C86F982BB42D830017E4FE /* ComposableArchitecture */ = {
			isa = XCSwiftPackageProductDependency;
			package = 43C86F972BB42D830017E4FE /* XCRemoteSwiftPackageReference "swift-composable-architecture" */;
			productName = ComposableArchitecture;
		};
/* End XCSwiftPackageProductDependency section */
	};
	rootObject = 43C86F622BB42CC70017E4FE /* Project object */;
}
